
Microsoft Visual Studio Solution File, Format Version 12.00
# Visual Studio Version 16
VisualStudioVersion = 16.0.31729.503
MinimumVisualStudioVersion = 10.0.40219.1
Project("{2150E333-8FDC-42A3-9474-1A3956D46DE8}") = "Solution Items", "Solution Items", "{D7D00716-DB6A-4D07-A942-0127DFF30F37}"
	ProjectSection(SolutionItems) = preProject
		.editorconfig = .editorconfig
	EndProjectSection
EndProject
Project("{FAE04EC0-301F-11D3-BF4B-00C04F79EFBC}") = "WpfMatchImages", "WpfMatchImages\WpfMatchImages.csproj", "{5C835BE2-BA3E-4218-8FDC-4F3523182C6C}"
EndProject
Global
	GlobalSection(SolutionConfigurationPlatforms) = preSolution
		Debug|Any CPU = Debug|Any CPU
		Release|Any CPU = Release|Any CPU
	EndGlobalSection
	GlobalSection(ProjectConfigurationPlatforms) = postSolution
		{5C835BE2-BA3E-4218-8FDC-4F3523182C6C}.Debug|Any CPU.ActiveCfg = Debug|Any CPU
		{5C835BE2-BA3E-4218-8FDC-4F3523182C6C}.Debug|Any CPU.Build.0 = Debug|Any CPU
		{5C835BE2-BA3E-4218-8FDC-4F3523182C6C}.Release|Any CPU.ActiveCfg = Release|Any CPU
		{5C835BE2-BA3E-4218-8FDC-4F3523182C6C}.Release|Any CPU.Build.0 = Release|Any CPU
	EndGlobalSection
	GlobalSection(SolutionProperties) = preSolution
		HideSolutionNode = FALSE
	EndGlobalSection
	GlobalSection(ExtensibilityGlobals) = postSolution
		SolutionGuid = {BAE3C2A3-351B-4838-9273-EF162D859226}
	EndGlobalSection
EndGlobal
