
Microsoft Visual Studio Solution File, Format Version 12.00
# Visual Studio Version 16
VisualStudioVersion = 16.0.31729.503
MinimumVisualStudioVersion = 10.0.40219.1
Project("{2150E333-8FDC-42A3-9474-1A3956D46DE8}") = "Solution Items", "Solution Items", "{C0F0E2BC-8CD3-466B-92A0-29E7C691C179}"
	ProjectSection(SolutionItems) = preProject
		.editorconfig = .editorconfig
	EndProjectSection
EndProject
Project("{FAE04EC0-301F-11D3-BF4B-00C04F79EFBC}") = "WpfCopy", "WpfCopy\WpfCopy.csproj", "{A8B48918-2325-444A-BC3C-2C48F7DCC204}"
EndProject
Project("{FAE04EC0-301F-11D3-BF4B-00C04F79EFBC}") = "WpfFileInfo", "WpfFileInfo\WpfFileInfo.csproj", "{0A5633EB-0EBF-4A99-8352-2D838DA80ACB}"
EndProject
Project("{FAE04EC0-301F-11D3-BF4B-00C04F79EFBC}") = "ConsoleCsv", "ConsoleCsv\ConsoleCsv.csproj", "{B6944225-0ABC-4CA1-A8D4-3A5E4F47E451}"
EndProject
Global
	GlobalSection(SolutionConfigurationPlatforms) = preSolution
		Debug|Any CPU = Debug|Any CPU
		Release|Any CPU = Release|Any CPU
	EndGlobalSection
	GlobalSection(ProjectConfigurationPlatforms) = postSolution
		{A8B48918-2325-444A-BC3C-2C48F7DCC204}.Debug|Any CPU.ActiveCfg = Debug|Any CPU
		{A8B48918-2325-444A-BC3C-2C48F7DCC204}.Debug|Any CPU.Build.0 = Debug|Any CPU
		{A8B48918-2325-444A-BC3C-2C48F7DCC204}.Release|Any CPU.ActiveCfg = Release|Any CPU
		{A8B48918-2325-444A-BC3C-2C48F7DCC204}.Release|Any CPU.Build.0 = Release|Any CPU
		{0A5633EB-0EBF-4A99-8352-2D838DA80ACB}.Debug|Any CPU.ActiveCfg = Debug|Any CPU
		{0A5633EB-0EBF-4A99-8352-2D838DA80ACB}.Debug|Any CPU.Build.0 = Debug|Any CPU
		{0A5633EB-0EBF-4A99-8352-2D838DA80ACB}.Release|Any CPU.ActiveCfg = Release|Any CPU
		{0A5633EB-0EBF-4A99-8352-2D838DA80ACB}.Release|Any CPU.Build.0 = Release|Any CPU
		{B6944225-0ABC-4CA1-A8D4-3A5E4F47E451}.Debug|Any CPU.ActiveCfg = Debug|Any CPU
		{B6944225-0ABC-4CA1-A8D4-3A5E4F47E451}.Debug|Any CPU.Build.0 = Debug|Any CPU
		{B6944225-0ABC-4CA1-A8D4-3A5E4F47E451}.Release|Any CPU.ActiveCfg = Release|Any CPU
		{B6944225-0ABC-4CA1-A8D4-3A5E4F47E451}.Release|Any CPU.Build.0 = Release|Any CPU
	EndGlobalSection
	GlobalSection(SolutionProperties) = preSolution
		HideSolutionNode = FALSE
	EndGlobalSection
	GlobalSection(ExtensibilityGlobals) = postSolution
		SolutionGuid = {3DC0C658-F767-46C3-8A80-D9A2CDCF86E5}
	EndGlobalSection
EndGlobal
