
Microsoft Visual Studio Solution File, Format Version 12.00
# Visual Studio Version 16
VisualStudioVersion = 16.0.31729.503
MinimumVisualStudioVersion = 10.0.40219.1
Project("{FAE04EC0-301F-11D3-BF4B-00C04F79EFBC}") = "ConsoleTafels", "ConsoleTafels\ConsoleTafels.csproj", "{C347E274-2505-4BDB-A2D9-B3A57931F189}"
EndProject
Project("{FAE04EC0-301F-11D3-BF4B-00C04F79EFBC}") = "WpfTaken", "WpfTaken\WpfTaken.csproj", "{7A0274AA-77A9-42AA-962C-A02F4B72D5BF}"
EndProject
Global
	GlobalSection(SolutionConfigurationPlatforms) = preSolution
		Debug|Any CPU = Debug|Any CPU
		Release|Any CPU = Release|Any CPU
	EndGlobalSection
	GlobalSection(ProjectConfigurationPlatforms) = postSolution
		{C347E274-2505-4BDB-A2D9-B3A57931F189}.Debug|Any CPU.ActiveCfg = Debug|Any CPU
		{C347E274-2505-4BDB-A2D9-B3A57931F189}.Debug|Any CPU.Build.0 = Debug|Any CPU
		{C347E274-2505-4BDB-A2D9-B3A57931F189}.Release|Any CPU.ActiveCfg = Release|Any CPU
		{C347E274-2505-4BDB-A2D9-B3A57931F189}.Release|Any CPU.Build.0 = Release|Any CPU
		{7A0274AA-77A9-42AA-962C-A02F4B72D5BF}.Debug|Any CPU.ActiveCfg = Debug|Any CPU
		{7A0274AA-77A9-42AA-962C-A02F4B72D5BF}.Debug|Any CPU.Build.0 = Debug|Any CPU
		{7A0274AA-77A9-42AA-962C-A02F4B72D5BF}.Release|Any CPU.ActiveCfg = Release|Any CPU
		{7A0274AA-77A9-42AA-962C-A02F4B72D5BF}.Release|Any CPU.Build.0 = Release|Any CPU
	EndGlobalSection
	GlobalSection(SolutionProperties) = preSolution
		HideSolutionNode = FALSE
	EndGlobalSection
	GlobalSection(ExtensibilityGlobals) = postSolution
		SolutionGuid = {86388BED-B6AF-48D4-A2D4-FF5261CA2C14}
	EndGlobalSection
EndGlobal
